// !$*UTF8*$!
{
	archiveVersion = 1;
	classes = {
	};
	objectVersion = 51;
	objects = {

/* Begin PBXBuildFile section */
		1009C9202573CBEB0022497D /* AppDelegate.swift in Sources */ = {isa = PBXBuildFile; fileRef = 1009C91F2573CBEB0022497D /* AppDelegate.swift */; };
		1009C9222573CBEB0022497D /* SceneDelegate.swift in Sources */ = {isa = PBXBuildFile; fileRef = 1009C9212573CBEB0022497D /* SceneDelegate.swift */; };
		1009C9272573CBEB0022497D /* Main.storyboard in Resources */ = {isa = PBXBuildFile; fileRef = 1009C9252573CBEB0022497D /* Main.storyboard */; };
		1009C9292573CBED0022497D /* Assets.xcassets in Resources */ = {isa = PBXBuildFile; fileRef = 1009C9282573CBED0022497D /* Assets.xcassets */; };
		1009C92C2573CBED0022497D /* LaunchScreen.storyboard in Resources */ = {isa = PBXBuildFile; fileRef = 1009C92A2573CBED0022497D /* LaunchScreen.storyboard */; };
		1009C9372573CBED0022497D /* FlickerLocationsTests.swift in Sources */ = {isa = PBXBuildFile; fileRef = 1009C9362573CBED0022497D /* FlickerLocationsTests.swift */; };
		1009C9422573CBED0022497D /* FlickerLocationsUITests.swift in Sources */ = {isa = PBXBuildFile; fileRef = 1009C9412573CBED0022497D /* FlickerLocationsUITests.swift */; };
		1009C95B2573D7790022497D /* FlickerApi.swift in Sources */ = {isa = PBXBuildFile; fileRef = 1009C95A2573D7790022497D /* FlickerApi.swift */; };
		1009C96D2573FB360022497D /* PhotoFetcher.swift in Sources */ = {isa = PBXBuildFile; fileRef = 1009C96C2573FB360022497D /* PhotoFetcher.swift */; };
		1009C9762573FBDE0022497D /* Photo.swift in Sources */ = {isa = PBXBuildFile; fileRef = 1009C9752573FBDE0022497D /* Photo.swift */; };
		1009C98625740ACA0022497D /* ListViewController.swift in Sources */ = {isa = PBXBuildFile; fileRef = 1009C98525740ACA0022497D /* ListViewController.swift */; };
		1009C99125750E770022497D /* ListCollectionViewDataSource.swift in Sources */ = {isa = PBXBuildFile; fileRef = 1009C99025750E770022497D /* ListCollectionViewDataSource.swift */; };
		1009C99925750F250022497D /* ListCollectionViewDelegate.swift in Sources */ = {isa = PBXBuildFile; fileRef = 1009C99825750F250022497D /* ListCollectionViewDelegate.swift */; };
		1009C9A1257510BD0022497D /* ListMapViewDelegate.swift in Sources */ = {isa = PBXBuildFile; fileRef = 1009C9A0257510BD0022497D /* ListMapViewDelegate.swift */; };
		1079D8B82576591100794334 /* PhotoStore.swift in Sources */ = {isa = PBXBuildFile; fileRef = 1079D8B72576591100794334 /* PhotoStore.swift */; };
		1079D8BE2576938B00794334 /* Coordinates.swift in Sources */ = {isa = PBXBuildFile; fileRef = 1079D8BD2576938B00794334 /* Coordinates.swift */; };
		108D858A2575320E00E04516 /* PhotosListCollectionViewCell.swift in Sources */ = {isa = PBXBuildFile; fileRef = 108D85892575320E00E04516 /* PhotosListCollectionViewCell.swift */; };
		4398DAA0122477B58214AB6B /* Pods_FlickerLocations.framework in Frameworks */ = {isa = PBXBuildFile; fileRef = C87FCD78C6F8F0EA7540E7B2 /* Pods_FlickerLocations.framework */; };
		514728507B80BE95DC6700AE /* Pods_FlickerLocationsTests.framework in Frameworks */ = {isa = PBXBuildFile; fileRef = 6E61DDC5B1977DDCC7F9EDE8 /* Pods_FlickerLocationsTests.framework */; };
		5912011D340DFD802DD78A3B /* Pods_FlickerLocations_FlickerLocationsUITests.framework in Frameworks */ = {isa = PBXBuildFile; fileRef = 3B2DFEECFA882B1CDB2F3D20 /* Pods_FlickerLocations_FlickerLocationsUITests.framework */; };
/* End PBXBuildFile section */

/* Begin PBXContainerItemProxy section */
		1009C9332573CBED0022497D /* PBXContainerItemProxy */ = {
			isa = PBXContainerItemProxy;
			containerPortal = 1009C9142573CBEB0022497D /* Project object */;
			proxyType = 1;
			remoteGlobalIDString = 1009C91B2573CBEB0022497D;
			remoteInfo = FlickerLocations;
		};
		1009C93E2573CBED0022497D /* PBXContainerItemProxy */ = {
			isa = PBXContainerItemProxy;
			containerPortal = 1009C9142573CBEB0022497D /* Project object */;
			proxyType = 1;
			remoteGlobalIDString = 1009C91B2573CBEB0022497D;
			remoteInfo = FlickerLocations;
		};
/* End PBXContainerItemProxy section */

/* Begin PBXFileReference section */
		1009C91C2573CBEB0022497D /* FlickerLocations.app */ = {isa = PBXFileReference; explicitFileType = wrapper.application; includeInIndex = 0; path = FlickerLocations.app; sourceTree = BUILT_PRODUCTS_DIR; };
		1009C91F2573CBEB0022497D /* AppDelegate.swift */ = {isa = PBXFileReference; lastKnownFileType = sourcecode.swift; path = AppDelegate.swift; sourceTree = "<group>"; };
		1009C9212573CBEB0022497D /* SceneDelegate.swift */ = {isa = PBXFileReference; lastKnownFileType = sourcecode.swift; path = SceneDelegate.swift; sourceTree = "<group>"; };
		1009C9262573CBEB0022497D /* Base */ = {isa = PBXFileReference; lastKnownFileType = file.storyboard; name = Base; path = Base.lproj/Main.storyboard; sourceTree = "<group>"; };
		1009C9282573CBED0022497D /* Assets.xcassets */ = {isa = PBXFileReference; lastKnownFileType = folder.assetcatalog; path = Assets.xcassets; sourceTree = "<group>"; };
		1009C92B2573CBED0022497D /* Base */ = {isa = PBXFileReference; lastKnownFileType = file.storyboard; name = Base; path = Base.lproj/LaunchScreen.storyboard; sourceTree = "<group>"; };
		1009C92D2573CBED0022497D /* Info.plist */ = {isa = PBXFileReference; lastKnownFileType = text.plist.xml; path = Info.plist; sourceTree = "<group>"; };
		1009C9322573CBED0022497D /* FlickerLocationsTests.xctest */ = {isa = PBXFileReference; explicitFileType = wrapper.cfbundle; includeInIndex = 0; path = FlickerLocationsTests.xctest; sourceTree = BUILT_PRODUCTS_DIR; };
		1009C9362573CBED0022497D /* FlickerLocationsTests.swift */ = {isa = PBXFileReference; lastKnownFileType = sourcecode.swift; path = FlickerLocationsTests.swift; sourceTree = "<group>"; };
		1009C9382573CBED0022497D /* Info.plist */ = {isa = PBXFileReference; lastKnownFileType = text.plist.xml; path = Info.plist; sourceTree = "<group>"; };
		1009C93D2573CBED0022497D /* FlickerLocationsUITests.xctest */ = {isa = PBXFileReference; explicitFileType = wrapper.cfbundle; includeInIndex = 0; path = FlickerLocationsUITests.xctest; sourceTree = BUILT_PRODUCTS_DIR; };
		1009C9412573CBED0022497D /* FlickerLocationsUITests.swift */ = {isa = PBXFileReference; lastKnownFileType = sourcecode.swift; path = FlickerLocationsUITests.swift; sourceTree = "<group>"; };
		1009C9432573CBED0022497D /* Info.plist */ = {isa = PBXFileReference; lastKnownFileType = text.plist.xml; path = Info.plist; sourceTree = "<group>"; };
		1009C95A2573D7790022497D /* FlickerApi.swift */ = {isa = PBXFileReference; lastKnownFileType = sourcecode.swift; path = FlickerApi.swift; sourceTree = "<group>"; };
		1009C96C2573FB360022497D /* PhotoFetcher.swift */ = {isa = PBXFileReference; lastKnownFileType = sourcecode.swift; path = PhotoFetcher.swift; sourceTree = "<group>"; };
		1009C9752573FBDE0022497D /* Photo.swift */ = {isa = PBXFileReference; lastKnownFileType = sourcecode.swift; path = Photo.swift; sourceTree = "<group>"; };
		1009C98525740ACA0022497D /* ListViewController.swift */ = {isa = PBXFileReference; lastKnownFileType = sourcecode.swift; path = ListViewController.swift; sourceTree = "<group>"; };
		1009C99025750E770022497D /* ListCollectionViewDataSource.swift */ = {isa = PBXFileReference; lastKnownFileType = sourcecode.swift; path = ListCollectionViewDataSource.swift; sourceTree = "<group>"; };
		1009C99825750F250022497D /* ListCollectionViewDelegate.swift */ = {isa = PBXFileReference; lastKnownFileType = sourcecode.swift; path = ListCollectionViewDelegate.swift; sourceTree = "<group>"; };
		1009C9A0257510BD0022497D /* ListMapViewDelegate.swift */ = {isa = PBXFileReference; lastKnownFileType = sourcecode.swift; path = ListMapViewDelegate.swift; sourceTree = "<group>"; };
		1079D8B72576591100794334 /* PhotoStore.swift */ = {isa = PBXFileReference; lastKnownFileType = sourcecode.swift; path = PhotoStore.swift; sourceTree = "<group>"; };
		1079D8BD2576938B00794334 /* Coordinates.swift */ = {isa = PBXFileReference; lastKnownFileType = sourcecode.swift; path = Coordinates.swift; sourceTree = "<group>"; };
		108D85892575320E00E04516 /* PhotosListCollectionViewCell.swift */ = {isa = PBXFileReference; lastKnownFileType = sourcecode.swift; path = PhotosListCollectionViewCell.swift; sourceTree = "<group>"; };
		14A9D9EE010436FFED74CA9B /* Pods-FlickerLocationsTests.release.xcconfig */ = {isa = PBXFileReference; includeInIndex = 1; lastKnownFileType = text.xcconfig; name = "Pods-FlickerLocationsTests.release.xcconfig"; path = "Target Support Files/Pods-FlickerLocationsTests/Pods-FlickerLocationsTests.release.xcconfig"; sourceTree = "<group>"; };
		3B2DFEECFA882B1CDB2F3D20 /* Pods_FlickerLocations_FlickerLocationsUITests.framework */ = {isa = PBXFileReference; explicitFileType = wrapper.framework; includeInIndex = 0; path = Pods_FlickerLocations_FlickerLocationsUITests.framework; sourceTree = BUILT_PRODUCTS_DIR; };
		61546900193FFE898FB48F05 /* Pods-FlickerLocations.debug.xcconfig */ = {isa = PBXFileReference; includeInIndex = 1; lastKnownFileType = text.xcconfig; name = "Pods-FlickerLocations.debug.xcconfig"; path = "Target Support Files/Pods-FlickerLocations/Pods-FlickerLocations.debug.xcconfig"; sourceTree = "<group>"; };
		6C45198AED9C207EEAA7EB45 /* Pods-FlickerLocations.release.xcconfig */ = {isa = PBXFileReference; includeInIndex = 1; lastKnownFileType = text.xcconfig; name = "Pods-FlickerLocations.release.xcconfig"; path = "Target Support Files/Pods-FlickerLocations/Pods-FlickerLocations.release.xcconfig"; sourceTree = "<group>"; };
		6E61DDC5B1977DDCC7F9EDE8 /* Pods_FlickerLocationsTests.framework */ = {isa = PBXFileReference; explicitFileType = wrapper.framework; includeInIndex = 0; path = Pods_FlickerLocationsTests.framework; sourceTree = BUILT_PRODUCTS_DIR; };
		BBD3BE951FA5BC967FD08817 /* Pods-FlickerLocations-FlickerLocationsUITests.release.xcconfig */ = {isa = PBXFileReference; includeInIndex = 1; lastKnownFileType = text.xcconfig; name = "Pods-FlickerLocations-FlickerLocationsUITests.release.xcconfig"; path = "Target Support Files/Pods-FlickerLocations-FlickerLocationsUITests/Pods-FlickerLocations-FlickerLocationsUITests.release.xcconfig"; sourceTree = "<group>"; };
		C87FCD78C6F8F0EA7540E7B2 /* Pods_FlickerLocations.framework */ = {isa = PBXFileReference; explicitFileType = wrapper.framework; includeInIndex = 0; path = Pods_FlickerLocations.framework; sourceTree = BUILT_PRODUCTS_DIR; };
		CB5547B2DEEC3F35160D72E2 /* Pods-FlickerLocations-FlickerLocationsUITests.debug.xcconfig */ = {isa = PBXFileReference; includeInIndex = 1; lastKnownFileType = text.xcconfig; name = "Pods-FlickerLocations-FlickerLocationsUITests.debug.xcconfig"; path = "Target Support Files/Pods-FlickerLocations-FlickerLocationsUITests/Pods-FlickerLocations-FlickerLocationsUITests.debug.xcconfig"; sourceTree = "<group>"; };
		ED15F149DDCD9A8400976B16 /* Pods-FlickerLocationsTests.debug.xcconfig */ = {isa = PBXFileReference; includeInIndex = 1; lastKnownFileType = text.xcconfig; name = "Pods-FlickerLocationsTests.debug.xcconfig"; path = "Target Support Files/Pods-FlickerLocationsTests/Pods-FlickerLocationsTests.debug.xcconfig"; sourceTree = "<group>"; };
/* End PBXFileReference section */

/* Begin PBXFrameworksBuildPhase section */
		1009C9192573CBEB0022497D /* Frameworks */ = {
			isa = PBXFrameworksBuildPhase;
			buildActionMask = 2147483647;
			files = (
				4398DAA0122477B58214AB6B /* Pods_FlickerLocations.framework in Frameworks */,
			);
			runOnlyForDeploymentPostprocessing = 0;
		};
		1009C92F2573CBED0022497D /* Frameworks */ = {
			isa = PBXFrameworksBuildPhase;
			buildActionMask = 2147483647;
			files = (
				514728507B80BE95DC6700AE /* Pods_FlickerLocationsTests.framework in Frameworks */,
			);
			runOnlyForDeploymentPostprocessing = 0;
		};
		1009C93A2573CBED0022497D /* Frameworks */ = {
			isa = PBXFrameworksBuildPhase;
			buildActionMask = 2147483647;
			files = (
				5912011D340DFD802DD78A3B /* Pods_FlickerLocations_FlickerLocationsUITests.framework in Frameworks */,
			);
			runOnlyForDeploymentPostprocessing = 0;
		};
/* End PBXFrameworksBuildPhase section */

/* Begin PBXGroup section */
		0B39ACB9FF2361647FE33FC2 /* Pods */ = {
			isa = PBXGroup;
			children = (
				61546900193FFE898FB48F05 /* Pods-FlickerLocations.debug.xcconfig */,
				6C45198AED9C207EEAA7EB45 /* Pods-FlickerLocations.release.xcconfig */,
				CB5547B2DEEC3F35160D72E2 /* Pods-FlickerLocations-FlickerLocationsUITests.debug.xcconfig */,
				BBD3BE951FA5BC967FD08817 /* Pods-FlickerLocations-FlickerLocationsUITests.release.xcconfig */,
				ED15F149DDCD9A8400976B16 /* Pods-FlickerLocationsTests.debug.xcconfig */,
				14A9D9EE010436FFED74CA9B /* Pods-FlickerLocationsTests.release.xcconfig */,
			);
			path = Pods;
			sourceTree = "<group>";
		};
		1009C9132573CBEB0022497D = {
			isa = PBXGroup;
			children = (
				1009C91E2573CBEB0022497D /* FlickerLocations */,
				1009C9352573CBED0022497D /* FlickerLocationsTests */,
				1009C9402573CBED0022497D /* FlickerLocationsUITests */,
				1009C91D2573CBEB0022497D /* Products */,
				0B39ACB9FF2361647FE33FC2 /* Pods */,
				6BCB7F1A43377C32D63997AA /* Frameworks */,
			);
			sourceTree = "<group>";
		};
		1009C91D2573CBEB0022497D /* Products */ = {
			isa = PBXGroup;
			children = (
				1009C91C2573CBEB0022497D /* FlickerLocations.app */,
				1009C9322573CBED0022497D /* FlickerLocationsTests.xctest */,
				1009C93D2573CBED0022497D /* FlickerLocationsUITests.xctest */,
			);
			name = Products;
			sourceTree = "<group>";
		};
		1009C91E2573CBEB0022497D /* FlickerLocations */ = {
			isa = PBXGroup;
			children = (
				1009C9522573D00A0022497D /* Model */,
				1009C9582573D29A0022497D /* Views */,
				1009C9542573D23E0022497D /* Controllers */,
				1009C91F2573CBEB0022497D /* AppDelegate.swift */,
				1009C9212573CBEB0022497D /* SceneDelegate.swift */,
				1009C9252573CBEB0022497D /* Main.storyboard */,
				1009C9282573CBED0022497D /* Assets.xcassets */,
				1009C92A2573CBED0022497D /* LaunchScreen.storyboard */,
				1009C92D2573CBED0022497D /* Info.plist */,
			);
			path = FlickerLocations;
			sourceTree = "<group>";
		};
		1009C9352573CBED0022497D /* FlickerLocationsTests */ = {
			isa = PBXGroup;
			children = (
				1009C9362573CBED0022497D /* FlickerLocationsTests.swift */,
				1009C9382573CBED0022497D /* Info.plist */,
			);
			path = FlickerLocationsTests;
			sourceTree = "<group>";
		};
		1009C9402573CBED0022497D /* FlickerLocationsUITests */ = {
			isa = PBXGroup;
			children = (
				1009C9412573CBED0022497D /* FlickerLocationsUITests.swift */,
				1009C9432573CBED0022497D /* Info.plist */,
			);
			path = FlickerLocationsUITests;
			sourceTree = "<group>";
		};
		1009C9522573D00A0022497D /* Model */ = {
			isa = PBXGroup;
			children = (
				1079D8BC2576937100794334 /* Helpers */,
				1009C9742573FBCD0022497D /* Store */,
				1009C9532573D0740022497D /* Networking */,
			);
			path = Model;
			sourceTree = "<group>";
		};
		1009C9532573D0740022497D /* Networking */ = {
			isa = PBXGroup;
			children = (
				1009C96B2573FADB0022497D /* Fetching */,
				1009C9592573D2E00022497D /* API */,
			);
			path = Networking;
			sourceTree = "<group>";
		};
		1009C9542573D23E0022497D /* Controllers */ = {
			isa = PBXGroup;
			children = (
				1009C98525740ACA0022497D /* ListViewController.swift */,
			);
			path = Controllers;
			sourceTree = "<group>";
		};
		1009C9582573D29A0022497D /* Views */ = {
			isa = PBXGroup;
			children = (
				1009C98D25750CE10022497D /* ListViews */,
			);
			path = Views;
			sourceTree = "<group>";
		};
		1009C9592573D2E00022497D /* API */ = {
			isa = PBXGroup;
			children = (
				1009C95A2573D7790022497D /* FlickerApi.swift */,
			);
			path = API;
			sourceTree = "<group>";
		};
		1009C96B2573FADB0022497D /* Fetching */ = {
			isa = PBXGroup;
			children = (
				1009C96C2573FB360022497D /* PhotoFetcher.swift */,
			);
			path = Fetching;
			sourceTree = "<group>";
		};
		1009C9742573FBCD0022497D /* Store */ = {
			isa = PBXGroup;
			children = (
				1009C9752573FBDE0022497D /* Photo.swift */,
				1079D8B72576591100794334 /* PhotoStore.swift */,
			);
			path = Store;
			sourceTree = "<group>";
		};
		1009C98D25750CE10022497D /* ListViews */ = {
			isa = PBXGroup;
			children = (
				1009C98F25750D1F0022497D /* CollectionViews */,
				1009C98E25750D140022497D /* MapViews */,
			);
			path = ListViews;
			sourceTree = "<group>";
		};
		1009C98E25750D140022497D /* MapViews */ = {
			isa = PBXGroup;
			children = (
				1009C9A0257510BD0022497D /* ListMapViewDelegate.swift */,
			);
			path = MapViews;
			sourceTree = "<group>";
		};
		1009C98F25750D1F0022497D /* CollectionViews */ = {
			isa = PBXGroup;
			children = (
				1009C99025750E770022497D /* ListCollectionViewDataSource.swift */,
				1009C99825750F250022497D /* ListCollectionViewDelegate.swift */,
				108D85892575320E00E04516 /* PhotosListCollectionViewCell.swift */,
			);
			path = CollectionViews;
			sourceTree = "<group>";
		};
		1079D8BC2576937100794334 /* Helpers */ = {
			isa = PBXGroup;
			children = (
				1079D8BD2576938B00794334 /* Coordinates.swift */,
			);
			path = Helpers;
			sourceTree = "<group>";
		};
		6BCB7F1A43377C32D63997AA /* Frameworks */ = {
			isa = PBXGroup;
			children = (
				C87FCD78C6F8F0EA7540E7B2 /* Pods_FlickerLocations.framework */,
				3B2DFEECFA882B1CDB2F3D20 /* Pods_FlickerLocations_FlickerLocationsUITests.framework */,
				6E61DDC5B1977DDCC7F9EDE8 /* Pods_FlickerLocationsTests.framework */,
			);
			name = Frameworks;
			sourceTree = "<group>";
		};
/* End PBXGroup section */

/* Begin PBXNativeTarget section */
		1009C91B2573CBEB0022497D /* FlickerLocations */ = {
			isa = PBXNativeTarget;
			buildConfigurationList = 1009C9462573CBED0022497D /* Build configuration list for PBXNativeTarget "FlickerLocations" */;
			buildPhases = (
				325802168AB00DC08830A92A /* [CP] Check Pods Manifest.lock */,
				1009C9182573CBEB0022497D /* Sources */,
				1009C9192573CBEB0022497D /* Frameworks */,
				1009C91A2573CBEB0022497D /* Resources */,
				1AAC13B85164BF57183CD4B2 /* [CP] Embed Pods Frameworks */,
			);
			buildRules = (
			);
			dependencies = (
			);
			name = FlickerLocations;
			productName = FlickerLocations;
			productReference = 1009C91C2573CBEB0022497D /* FlickerLocations.app */;
			productType = "com.apple.product-type.application";
		};
		1009C9312573CBED0022497D /* FlickerLocationsTests */ = {
			isa = PBXNativeTarget;
			buildConfigurationList = 1009C9492573CBED0022497D /* Build configuration list for PBXNativeTarget "FlickerLocationsTests" */;
			buildPhases = (
				9A01A9019AABC7619816A569 /* [CP] Check Pods Manifest.lock */,
				1009C92E2573CBED0022497D /* Sources */,
				1009C92F2573CBED0022497D /* Frameworks */,
				1009C9302573CBED0022497D /* Resources */,
			);
			buildRules = (
			);
			dependencies = (
				1009C9342573CBED0022497D /* PBXTargetDependency */,
			);
			name = FlickerLocationsTests;
			productName = FlickerLocationsTests;
			productReference = 1009C9322573CBED0022497D /* FlickerLocationsTests.xctest */;
			productType = "com.apple.product-type.bundle.unit-test";
		};
		1009C93C2573CBED0022497D /* FlickerLocationsUITests */ = {
			isa = PBXNativeTarget;
			buildConfigurationList = 1009C94C2573CBED0022497D /* Build configuration list for PBXNativeTarget "FlickerLocationsUITests" */;
			buildPhases = (
				455A2625B2788BB67206FE8A /* [CP] Check Pods Manifest.lock */,
				1009C9392573CBED0022497D /* Sources */,
				1009C93A2573CBED0022497D /* Frameworks */,
				1009C93B2573CBED0022497D /* Resources */,
				D4C1D1394438DF6AF680A30E /* [CP] Embed Pods Frameworks */,
			);
			buildRules = (
			);
			dependencies = (
				1009C93F2573CBED0022497D /* PBXTargetDependency */,
			);
			name = FlickerLocationsUITests;
			productName = FlickerLocationsUITests;
			productReference = 1009C93D2573CBED0022497D /* FlickerLocationsUITests.xctest */;
			productType = "com.apple.product-type.bundle.ui-testing";
		};
/* End PBXNativeTarget section */

/* Begin PBXProject section */
		1009C9142573CBEB0022497D /* Project object */ = {
			isa = PBXProject;
			attributes = {
				LastSwiftUpdateCheck = 1220;
				LastUpgradeCheck = 1220;
				TargetAttributes = {
					1009C91B2573CBEB0022497D = {
						CreatedOnToolsVersion = 12.2;
					};
					1009C9312573CBED0022497D = {
						CreatedOnToolsVersion = 12.2;
						TestTargetID = 1009C91B2573CBEB0022497D;
					};
					1009C93C2573CBED0022497D = {
						CreatedOnToolsVersion = 12.2;
						TestTargetID = 1009C91B2573CBEB0022497D;
					};
				};
			};
			buildConfigurationList = 1009C9172573CBEB0022497D /* Build configuration list for PBXProject "FlickerLocations" */;
			compatibilityVersion = "Xcode 9.3";
			developmentRegion = en;
			hasScannedForEncodings = 0;
			knownRegions = (
				en,
				Base,
			);
			mainGroup = 1009C9132573CBEB0022497D;
			productRefGroup = 1009C91D2573CBEB0022497D /* Products */;
			projectDirPath = "";
			projectRoot = "";
			targets = (
				1009C91B2573CBEB0022497D /* FlickerLocations */,
				1009C9312573CBED0022497D /* FlickerLocationsTests */,
				1009C93C2573CBED0022497D /* FlickerLocationsUITests */,
			);
		};
/* End PBXProject section */

/* Begin PBXResourcesBuildPhase section */
		1009C91A2573CBEB0022497D /* Resources */ = {
			isa = PBXResourcesBuildPhase;
			buildActionMask = 2147483647;
			files = (
				1009C92C2573CBED0022497D /* LaunchScreen.storyboard in Resources */,
				1009C9292573CBED0022497D /* Assets.xcassets in Resources */,
				1009C9272573CBEB0022497D /* Main.storyboard in Resources */,
			);
			runOnlyForDeploymentPostprocessing = 0;
		};
		1009C9302573CBED0022497D /* Resources */ = {
			isa = PBXResourcesBuildPhase;
			buildActionMask = 2147483647;
			files = (
			);
			runOnlyForDeploymentPostprocessing = 0;
		};
		1009C93B2573CBED0022497D /* Resources */ = {
			isa = PBXResourcesBuildPhase;
			buildActionMask = 2147483647;
			files = (
			);
			runOnlyForDeploymentPostprocessing = 0;
		};
/* End PBXResourcesBuildPhase section */

/* Begin PBXShellScriptBuildPhase section */
		1AAC13B85164BF57183CD4B2 /* [CP] Embed Pods Frameworks */ = {
			isa = PBXShellScriptBuildPhase;
			buildActionMask = 2147483647;
			files = (
			);
			inputFileListPaths = (
				"${PODS_ROOT}/Target Support Files/Pods-FlickerLocations/Pods-FlickerLocations-frameworks-${CONFIGURATION}-input-files.xcfilelist",
			);
			name = "[CP] Embed Pods Frameworks";
			outputFileListPaths = (
				"${PODS_ROOT}/Target Support Files/Pods-FlickerLocations/Pods-FlickerLocations-frameworks-${CONFIGURATION}-output-files.xcfilelist",
			);
			runOnlyForDeploymentPostprocessing = 0;
			shellPath = /bin/sh;
			shellScript = "\"${PODS_ROOT}/Target Support Files/Pods-FlickerLocations/Pods-FlickerLocations-frameworks.sh\"\n";
			showEnvVarsInLog = 0;
		};
		325802168AB00DC08830A92A /* [CP] Check Pods Manifest.lock */ = {
			isa = PBXShellScriptBuildPhase;
			buildActionMask = 2147483647;
			files = (
			);
			inputFileListPaths = (
			);
			inputPaths = (
				"${PODS_PODFILE_DIR_PATH}/Podfile.lock",
				"${PODS_ROOT}/Manifest.lock",
			);
			name = "[CP] Check Pods Manifest.lock";
			outputFileListPaths = (
			);
			outputPaths = (
				"$(DERIVED_FILE_DIR)/Pods-FlickerLocations-checkManifestLockResult.txt",
			);
			runOnlyForDeploymentPostprocessing = 0;
			shellPath = /bin/sh;
			shellScript = "diff \"${PODS_PODFILE_DIR_PATH}/Podfile.lock\" \"${PODS_ROOT}/Manifest.lock\" > /dev/null\nif [ $? != 0 ] ; then\n    # print error to STDERR\n    echo \"error: The sandbox is not in sync with the Podfile.lock. Run 'pod install' or update your CocoaPods installation.\" >&2\n    exit 1\nfi\n# This output is used by Xcode 'outputs' to avoid re-running this script phase.\necho \"SUCCESS\" > \"${SCRIPT_OUTPUT_FILE_0}\"\n";
			showEnvVarsInLog = 0;
		};
		455A2625B2788BB67206FE8A /* [CP] Check Pods Manifest.lock */ = {
			isa = PBXShellScriptBuildPhase;
			buildActionMask = 2147483647;
			files = (
			);
			inputFileListPaths = (
			);
			inputPaths = (
				"${PODS_PODFILE_DIR_PATH}/Podfile.lock",
				"${PODS_ROOT}/Manifest.lock",
			);
			name = "[CP] Check Pods Manifest.lock";
			outputFileListPaths = (
			);
			outputPaths = (
				"$(DERIVED_FILE_DIR)/Pods-FlickerLocations-FlickerLocationsUITests-checkManifestLockResult.txt",
			);
			runOnlyForDeploymentPostprocessing = 0;
			shellPath = /bin/sh;
			shellScript = "diff \"${PODS_PODFILE_DIR_PATH}/Podfile.lock\" \"${PODS_ROOT}/Manifest.lock\" > /dev/null\nif [ $? != 0 ] ; then\n    # print error to STDERR\n    echo \"error: The sandbox is not in sync with the Podfile.lock. Run 'pod install' or update your CocoaPods installation.\" >&2\n    exit 1\nfi\n# This output is used by Xcode 'outputs' to avoid re-running this script phase.\necho \"SUCCESS\" > \"${SCRIPT_OUTPUT_FILE_0}\"\n";
			showEnvVarsInLog = 0;
		};
		9A01A9019AABC7619816A569 /* [CP] Check Pods Manifest.lock */ = {
			isa = PBXShellScriptBuildPhase;
			buildActionMask = 2147483647;
			files = (
			);
			inputFileListPaths = (
			);
			inputPaths = (
				"${PODS_PODFILE_DIR_PATH}/Podfile.lock",
				"${PODS_ROOT}/Manifest.lock",
			);
			name = "[CP] Check Pods Manifest.lock";
			outputFileListPaths = (
			);
			outputPaths = (
				"$(DERIVED_FILE_DIR)/Pods-FlickerLocationsTests-checkManifestLockResult.txt",
			);
			runOnlyForDeploymentPostprocessing = 0;
			shellPath = /bin/sh;
			shellScript = "diff \"${PODS_PODFILE_DIR_PATH}/Podfile.lock\" \"${PODS_ROOT}/Manifest.lock\" > /dev/null\nif [ $? != 0 ] ; then\n    # print error to STDERR\n    echo \"error: The sandbox is not in sync with the Podfile.lock. Run 'pod install' or update your CocoaPods installation.\" >&2\n    exit 1\nfi\n# This output is used by Xcode 'outputs' to avoid re-running this script phase.\necho \"SUCCESS\" > \"${SCRIPT_OUTPUT_FILE_0}\"\n";
			showEnvVarsInLog = 0;
		};
		D4C1D1394438DF6AF680A30E /* [CP] Embed Pods Frameworks */ = {
			isa = PBXShellScriptBuildPhase;
			buildActionMask = 2147483647;
			files = (
			);
			inputFileListPaths = (
				"${PODS_ROOT}/Target Support Files/Pods-FlickerLocations-FlickerLocationsUITests/Pods-FlickerLocations-FlickerLocationsUITests-frameworks-${CONFIGURATION}-input-files.xcfilelist",
			);
			name = "[CP] Embed Pods Frameworks";
			outputFileListPaths = (
				"${PODS_ROOT}/Target Support Files/Pods-FlickerLocations-FlickerLocationsUITests/Pods-FlickerLocations-FlickerLocationsUITests-frameworks-${CONFIGURATION}-output-files.xcfilelist",
			);
			runOnlyForDeploymentPostprocessing = 0;
			shellPath = /bin/sh;
			shellScript = "\"${PODS_ROOT}/Target Support Files/Pods-FlickerLocations-FlickerLocationsUITests/Pods-FlickerLocations-FlickerLocationsUITests-frameworks.sh\"\n";
			showEnvVarsInLog = 0;
		};
/* End PBXShellScriptBuildPhase section */

/* Begin PBXSourcesBuildPhase section */
		1009C9182573CBEB0022497D /* Sources */ = {
			isa = PBXSourcesBuildPhase;
			buildActionMask = 2147483647;
			files = (
				1009C96D2573FB360022497D /* PhotoFetcher.swift in Sources */,
				1009C9202573CBEB0022497D /* AppDelegate.swift in Sources */,
				1009C99925750F250022497D /* ListCollectionViewDelegate.swift in Sources */,
				1079D8BE2576938B00794334 /* Coordinates.swift in Sources */,
				1009C9A1257510BD0022497D /* ListMapViewDelegate.swift in Sources */,
				1009C95B2573D7790022497D /* FlickerApi.swift in Sources */,
				1009C98625740ACA0022497D /* ListViewController.swift in Sources */,
				1009C9222573CBEB0022497D /* SceneDelegate.swift in Sources */,
				108D858A2575320E00E04516 /* PhotosListCollectionViewCell.swift in Sources */,
				1079D8B82576591100794334 /* PhotoStore.swift in Sources */,
				1009C9762573FBDE0022497D /* Photo.swift in Sources */,
				1009C99125750E770022497D /* ListCollectionViewDataSource.swift in Sources */,
			);
			runOnlyForDeploymentPostprocessing = 0;
		};
		1009C92E2573CBED0022497D /* Sources */ = {
			isa = PBXSourcesBuildPhase;
			buildActionMask = 2147483647;
			files = (
				1009C9372573CBED0022497D /* FlickerLocationsTests.swift in Sources */,
			);
			runOnlyForDeploymentPostprocessing = 0;
		};
		1009C9392573CBED0022497D /* Sources */ = {
			isa = PBXSourcesBuildPhase;
			buildActionMask = 2147483647;
			files = (
				1009C9422573CBED0022497D /* FlickerLocationsUITests.swift in Sources */,
			);
			runOnlyForDeploymentPostprocessing = 0;
		};
/* End PBXSourcesBuildPhase section */

/* Begin PBXTargetDependency section */
		1009C9342573CBED0022497D /* PBXTargetDependency */ = {
			isa = PBXTargetDependency;
			target = 1009C91B2573CBEB0022497D /* FlickerLocations */;
			targetProxy = 1009C9332573CBED0022497D /* PBXContainerItemProxy */;
		};
		1009C93F2573CBED0022497D /* PBXTargetDependency */ = {
			isa = PBXTargetDependency;
			target = 1009C91B2573CBEB0022497D /* FlickerLocations */;
			targetProxy = 1009C93E2573CBED0022497D /* PBXContainerItemProxy */;
		};
/* End PBXTargetDependency section */

/* Begin PBXVariantGroup section */
		1009C9252573CBEB0022497D /* Main.storyboard */ = {
			isa = PBXVariantGroup;
			children = (
				1009C9262573CBEB0022497D /* Base */,
			);
			name = Main.storyboard;
			sourceTree = "<group>";
		};
		1009C92A2573CBED0022497D /* LaunchScreen.storyboard */ = {
			isa = PBXVariantGroup;
			children = (
				1009C92B2573CBED0022497D /* Base */,
			);
			name = LaunchScreen.storyboard;
			sourceTree = "<group>";
		};
/* End PBXVariantGroup section */

/* Begin XCBuildConfiguration section */
		1009C9442573CBED0022497D /* Debug */ = {
			isa = XCBuildConfiguration;
			buildSettings = {
				ALWAYS_SEARCH_USER_PATHS = NO;
				CLANG_ANALYZER_NONNULL = YES;
				CLANG_ANALYZER_NUMBER_OBJECT_CONVERSION = YES_AGGRESSIVE;
				CLANG_CXX_LANGUAGE_STANDARD = "gnu++14";
				CLANG_CXX_LIBRARY = "libc++";
				CLANG_ENABLE_MODULES = YES;
				CLANG_ENABLE_OBJC_ARC = YES;
				CLANG_ENABLE_OBJC_WEAK = YES;
				CLANG_WARN_BLOCK_CAPTURE_AUTORELEASING = YES;
				CLANG_WARN_BOOL_CONVERSION = YES;
				CLANG_WARN_COMMA = YES;
				CLANG_WARN_CONSTANT_CONVERSION = YES;
				CLANG_WARN_DEPRECATED_OBJC_IMPLEMENTATIONS = YES;
				CLANG_WARN_DIRECT_OBJC_ISA_USAGE = YES_ERROR;
				CLANG_WARN_DOCUMENTATION_COMMENTS = YES;
				CLANG_WARN_EMPTY_BODY = YES;
				CLANG_WARN_ENUM_CONVERSION = YES;
				CLANG_WARN_INFINITE_RECURSION = YES;
				CLANG_WARN_INT_CONVERSION = YES;
				CLANG_WARN_NON_LITERAL_NULL_CONVERSION = YES;
				CLANG_WARN_OBJC_IMPLICIT_RETAIN_SELF = YES;
				CLANG_WARN_OBJC_LITERAL_CONVERSION = YES;
				CLANG_WARN_OBJC_ROOT_CLASS = YES_ERROR;
				CLANG_WARN_QUOTED_INCLUDE_IN_FRAMEWORK_HEADER = YES;
				CLANG_WARN_RANGE_LOOP_ANALYSIS = YES;
				CLANG_WARN_STRICT_PROTOTYPES = YES;
				CLANG_WARN_SUSPICIOUS_MOVE = YES;
				CLANG_WARN_UNGUARDED_AVAILABILITY = YES_AGGRESSIVE;
				CLANG_WARN_UNREACHABLE_CODE = YES;
				CLANG_WARN__DUPLICATE_METHOD_MATCH = YES;
				COPY_PHASE_STRIP = NO;
				DEBUG_INFORMATION_FORMAT = dwarf;
				ENABLE_STRICT_OBJC_MSGSEND = YES;
				ENABLE_TESTABILITY = YES;
				GCC_C_LANGUAGE_STANDARD = gnu11;
				GCC_DYNAMIC_NO_PIC = NO;
				GCC_NO_COMMON_BLOCKS = YES;
				GCC_OPTIMIZATION_LEVEL = 0;
				GCC_PREPROCESSOR_DEFINITIONS = (
					"DEBUG=1",
					"$(inherited)",
				);
				GCC_WARN_64_TO_32_BIT_CONVERSION = YES;
				GCC_WARN_ABOUT_RETURN_TYPE = YES_ERROR;
				GCC_WARN_UNDECLARED_SELECTOR = YES;
				GCC_WARN_UNINITIALIZED_AUTOS = YES_AGGRESSIVE;
				GCC_WARN_UNUSED_FUNCTION = YES;
				GCC_WARN_UNUSED_VARIABLE = YES;
				IPHONEOS_DEPLOYMENT_TARGET = 14.2;
				MTL_ENABLE_DEBUG_INFO = INCLUDE_SOURCE;
				MTL_FAST_MATH = YES;
				ONLY_ACTIVE_ARCH = YES;
				SDKROOT = iphoneos;
				SWIFT_ACTIVE_COMPILATION_CONDITIONS = DEBUG;
				SWIFT_OPTIMIZATION_LEVEL = "-Onone";
			};
			name = Debug;
		};
		1009C9452573CBED0022497D /* Release */ = {
			isa = XCBuildConfiguration;
			buildSettings = {
				ALWAYS_SEARCH_USER_PATHS = NO;
				CLANG_ANALYZER_NONNULL = YES;
				CLANG_ANALYZER_NUMBER_OBJECT_CONVERSION = YES_AGGRESSIVE;
				CLANG_CXX_LANGUAGE_STANDARD = "gnu++14";
				CLANG_CXX_LIBRARY = "libc++";
				CLANG_ENABLE_MODULES = YES;
				CLANG_ENABLE_OBJC_ARC = YES;
				CLANG_ENABLE_OBJC_WEAK = YES;
				CLANG_WARN_BLOCK_CAPTURE_AUTORELEASING = YES;
				CLANG_WARN_BOOL_CONVERSION = YES;
				CLANG_WARN_COMMA = YES;
				CLANG_WARN_CONSTANT_CONVERSION = YES;
				CLANG_WARN_DEPRECATED_OBJC_IMPLEMENTATIONS = YES;
				CLANG_WARN_DIRECT_OBJC_ISA_USAGE = YES_ERROR;
				CLANG_WARN_DOCUMENTATION_COMMENTS = YES;
				CLANG_WARN_EMPTY_BODY = YES;
				CLANG_WARN_ENUM_CONVERSION = YES;
				CLANG_WARN_INFINITE_RECURSION = YES;
				CLANG_WARN_INT_CONVERSION = YES;
				CLANG_WARN_NON_LITERAL_NULL_CONVERSION = YES;
				CLANG_WARN_OBJC_IMPLICIT_RETAIN_SELF = YES;
				CLANG_WARN_OBJC_LITERAL_CONVERSION = YES;
				CLANG_WARN_OBJC_ROOT_CLASS = YES_ERROR;
				CLANG_WARN_QUOTED_INCLUDE_IN_FRAMEWORK_HEADER = YES;
				CLANG_WARN_RANGE_LOOP_ANALYSIS = YES;
				CLANG_WARN_STRICT_PROTOTYPES = YES;
				CLANG_WARN_SUSPICIOUS_MOVE = YES;
				CLANG_WARN_UNGUARDED_AVAILABILITY = YES_AGGRESSIVE;
				CLANG_WARN_UNREACHABLE_CODE = YES;
				CLANG_WARN__DUPLICATE_METHOD_MATCH = YES;
				COPY_PHASE_STRIP = NO;
				DEBUG_INFORMATION_FORMAT = "dwarf-with-dsym";
				ENABLE_NS_ASSERTIONS = NO;
				ENABLE_STRICT_OBJC_MSGSEND = YES;
				GCC_C_LANGUAGE_STANDARD = gnu11;
				GCC_NO_COMMON_BLOCKS = YES;
				GCC_WARN_64_TO_32_BIT_CONVERSION = YES;
				GCC_WARN_ABOUT_RETURN_TYPE = YES_ERROR;
				GCC_WARN_UNDECLARED_SELECTOR = YES;
				GCC_WARN_UNINITIALIZED_AUTOS = YES_AGGRESSIVE;
				GCC_WARN_UNUSED_FUNCTION = YES;
				GCC_WARN_UNUSED_VARIABLE = YES;
				IPHONEOS_DEPLOYMENT_TARGET = 14.2;
				MTL_ENABLE_DEBUG_INFO = NO;
				MTL_FAST_MATH = YES;
				SDKROOT = iphoneos;
				SWIFT_COMPILATION_MODE = wholemodule;
				SWIFT_OPTIMIZATION_LEVEL = "-O";
				VALIDATE_PRODUCT = YES;
			};
			name = Release;
		};
		1009C9472573CBED0022497D /* Debug */ = {
			isa = XCBuildConfiguration;
			baseConfigurationReference = 61546900193FFE898FB48F05 /* Pods-FlickerLocations.debug.xcconfig */;
			buildSettings = {
				ASSETCATALOG_COMPILER_APPICON_NAME = AppIcon;
				ASSETCATALOG_COMPILER_GLOBAL_ACCENT_COLOR_NAME = AccentColor;
				CODE_SIGN_STYLE = Automatic;
				DEVELOPMENT_TEAM = RBJ2T4R8F4;
				INFOPLIST_FILE = FlickerLocations/Info.plist;
				LD_RUNPATH_SEARCH_PATHS = (
					"$(inherited)",
					"@executable_path/Frameworks",
				);
				PRODUCT_BUNDLE_IDENTIFIER = Alzuwayyid.FlickerLocations;
				PRODUCT_NAME = "$(TARGET_NAME)";
				SWIFT_VERSION = 5.0;
				TARGETED_DEVICE_FAMILY = "1,2";
			};
			name = Debug;
		};
		1009C9482573CBED0022497D /* Release */ = {
			isa = XCBuildConfiguration;
			baseConfigurationReference = 6C45198AED9C207EEAA7EB45 /* Pods-FlickerLocations.release.xcconfig */;
			buildSettings = {
				ASSETCATALOG_COMPILER_APPICON_NAME = AppIcon;
				ASSETCATALOG_COMPILER_GLOBAL_ACCENT_COLOR_NAME = AccentColor;
				CODE_SIGN_STYLE = Automatic;
				DEVELOPMENT_TEAM = RBJ2T4R8F4;
				INFOPLIST_FILE = FlickerLocations/Info.plist;
				LD_RUNPATH_SEARCH_PATHS = (
					"$(inherited)",
					"@executable_path/Frameworks",
				);
				PRODUCT_BUNDLE_IDENTIFIER = Alzuwayyid.FlickerLocations;
				PRODUCT_NAME = "$(TARGET_NAME)";
				SWIFT_VERSION = 5.0;
				TARGETED_DEVICE_FAMILY = "1,2";
			};
			name = Release;
		};
		1009C94A2573CBED0022497D /* Debug */ = {
			isa = XCBuildConfiguration;
			baseConfigurationReference = ED15F149DDCD9A8400976B16 /* Pods-FlickerLocationsTests.debug.xcconfig */;
			buildSettings = {
				ALWAYS_EMBED_SWIFT_STANDARD_LIBRARIES = YES;
				BUNDLE_LOADER = "$(TEST_HOST)";
				CODE_SIGN_STYLE = Automatic;
				DEVELOPMENT_TEAM = RBJ2T4R8F4;
				INFOPLIST_FILE = FlickerLocationsTests/Info.plist;
				IPHONEOS_DEPLOYMENT_TARGET = 14.2;
				LD_RUNPATH_SEARCH_PATHS = (
					"$(inherited)",
					"@executable_path/Frameworks",
					"@loader_path/Frameworks",
				);
				PRODUCT_BUNDLE_IDENTIFIER = Alzuwayyid.FlickerLocationsTests;
				PRODUCT_NAME = "$(TARGET_NAME)";
				SWIFT_VERSION = 5.0;
				TARGETED_DEVICE_FAMILY = "1,2";
				TEST_HOST = "$(BUILT_PRODUCTS_DIR)/FlickerLocations.app/FlickerLocations";
			};
			name = Debug;
		};
		1009C94B2573CBED0022497D /* Release */ = {
			isa = XCBuildConfiguration;
			baseConfigurationReference = 14A9D9EE010436FFED74CA9B /* Pods-FlickerLocationsTests.release.xcconfig */;
			buildSettings = {
				ALWAYS_EMBED_SWIFT_STANDARD_LIBRARIES = YES;
				BUNDLE_LOADER = "$(TEST_HOST)";
				CODE_SIGN_STYLE = Automatic;
				DEVELOPMENT_TEAM = RBJ2T4R8F4;
				INFOPLIST_FILE = FlickerLocationsTests/Info.plist;
				IPHONEOS_DEPLOYMENT_TARGET = 14.2;
				LD_RUNPATH_SEARCH_PATHS = (
					"$(inherited)",
					"@executable_path/Frameworks",
					"@loader_path/Frameworks",
				);
				PRODUCT_BUNDLE_IDENTIFIER = Alzuwayyid.FlickerLocationsTests;
				PRODUCT_NAME = "$(TARGET_NAME)";
				SWIFT_VERSION = 5.0;
				TARGETED_DEVICE_FAMILY = "1,2";
				TEST_HOST = "$(BUILT_PRODUCTS_DIR)/FlickerLocations.app/FlickerLocations";
			};
			name = Release;
		};
		1009C94D2573CBED0022497D /* Debug */ = {
			isa = XCBuildConfiguration;
			baseConfigurationReference = CB5547B2DEEC3F35160D72E2 /* Pods-FlickerLocations-FlickerLocationsUITests.debug.xcconfig */;
			buildSettings = {
				ALWAYS_EMBED_SWIFT_STANDARD_LIBRARIES = YES;
				CODE_SIGN_STYLE = Automatic;
				DEVELOPMENT_TEAM = RBJ2T4R8F4;
				INFOPLIST_FILE = FlickerLocationsUITests/Info.plist;
				LD_RUNPATH_SEARCH_PATHS = (
					"$(inherited)",
					"@executable_path/Frameworks",
					"@loader_path/Frameworks",
				);
				PRODUCT_BUNDLE_IDENTIFIER = Alzuwayyid.FlickerLocationsUITests;
				PRODUCT_NAME = "$(TARGET_NAME)";
				SWIFT_VERSION = 5.0;
				TARGETED_DEVICE_FAMILY = "1,2";
				TEST_TARGET_NAME = FlickerLocations;
			};
			name = Debug;
		};
		1009C94E2573CBED0022497D /* Release */ = {
			isa = XCBuildConfiguration;
			baseConfigurationReference = BBD3BE951FA5BC967FD08817 /* Pods-FlickerLocations-FlickerLocationsUITests.release.xcconfig */;
			buildSettings = {
				ALWAYS_EMBED_SWIFT_STANDARD_LIBRARIES = YES;
				CODE_SIGN_STYLE = Automatic;
				DEVELOPMENT_TEAM = RBJ2T4R8F4;
				INFOPLIST_FILE = FlickerLocationsUITests/Info.plist;
				LD_RUNPATH_SEARCH_PATHS = (
					"$(inherited)",
					"@executable_path/Frameworks",
					"@loader_path/Frameworks",
				);
				PRODUCT_BUNDLE_IDENTIFIER = Alzuwayyid.FlickerLocationsUITests;
				PRODUCT_NAME = "$(TARGET_NAME)";
				SWIFT_VERSION = 5.0;
				TARGETED_DEVICE_FAMILY = "1,2";
				TEST_TARGET_NAME = FlickerLocations;
			};
			name = Release;
		};
/* End XCBuildConfiguration section */

/* Begin XCConfigurationList section */
		1009C9172573CBEB0022497D /* Build configuration list for PBXProject "FlickerLocations" */ = {
			isa = XCConfigurationList;
			buildConfigurations = (
				1009C9442573CBED0022497D /* Debug */,
				1009C9452573CBED0022497D /* Release */,
			);
			defaultConfigurationIsVisible = 0;
			defaultConfigurationName = Release;
		};
		1009C9462573CBED0022497D /* Build configuration list for PBXNativeTarget "FlickerLocations" */ = {
			isa = XCConfigurationList;
			buildConfigurations = (
				1009C9472573CBED0022497D /* Debug */,
				1009C9482573CBED0022497D /* Release */,
			);
			defaultConfigurationIsVisible = 0;
			defaultConfigurationName = Release;
		};
		1009C9492573CBED0022497D /* Build configuration list for PBXNativeTarget "FlickerLocationsTests" */ = {
			isa = XCConfigurationList;
			buildConfigurations = (
				1009C94A2573CBED0022497D /* Debug */,
				1009C94B2573CBED0022497D /* Release */,
			);
			defaultConfigurationIsVisible = 0;
			defaultConfigurationName = Release;
		};
		1009C94C2573CBED0022497D /* Build configuration list for PBXNativeTarget "FlickerLocationsUITests" */ = {
			isa = XCConfigurationList;
			buildConfigurations = (
				1009C94D2573CBED0022497D /* Debug */,
				1009C94E2573CBED0022497D /* Release */,
			);
			defaultConfigurationIsVisible = 0;
			defaultConfigurationName = Release;
		};
/* End XCConfigurationList section */
	};
	rootObject = 1009C9142573CBEB0022497D /* Project object */;
}
